# THIS IS AN AUTOGENERATED FILE. DO NOT EDIT THIS FILE DIRECTLY.
# yarn lockfile v1
acorn@^1.0.3:
  version "1.2.2"
  resolved "https://registry.yarnpkg.com/acorn/-/acorn-1.2.2.tgz#c8ce27de0acc76d896d2b1fad3df588d9e82f014"

add-px-to-style@1.0.0:
  version "1.0.0"
  resolved "https://registry.yarnpkg.com/add-px-to-style/-/add-px-to-style-1.0.0.tgz#d0c135441fa8014a8137904531096f67f28f263a"

align-text@^0.1.1, align-text@^0.1.3:
  version "0.1.4"
  resolved "https://registry.yarnpkg.com/align-text/-/align-text-0.1.4.tgz#0cd90a561093f35d0a99256c22b7069433fad117"
  dependencies:
    kind-of "^3.0.2"
    longest "^1.0.1"
    repeat-string "^1.5.2"

amdefine@>=0.0.4:
  version "1.0.1"
  resolved "https://registry.yarnpkg.com/amdefine/-/amdefine-1.0.1.tgz#4a5282ac164729e93619bcfd3ad151f817ce91f5"

async@~0.2.6:
  version "0.2.10"
  resolved "https://registry.yarnpkg.com/async/-/async-0.2.10.tgz#b6bbe0b0674b9d719708ca38de8c237cb526c3d1"

brfs@^1.4.3:
  version "1.4.3"
  resolved "https://registry.yarnpkg.com/brfs/-/brfs-1.4.3.tgz#db675d6f5e923e6df087fca5859c9090aaed3216"
  dependencies:
    quote-stream "^1.0.1"
    resolve "^1.1.5"
    static-module "^1.1.0"
    through2 "^2.0.0"

buffer-equal@0.0.1:
  version "0.0.1"
  resolved "https://registry.yarnpkg.com/buffer-equal/-/buffer-equal-0.0.1.tgz#91bc74b11ea405bc916bc6aa908faafa5b4aac4b"

buffer-shims@^1.0.0:
  version "1.0.0"
  resolved "https://registry.yarnpkg.com/buffer-shims/-/buffer-shims-1.0.0.tgz#9978ce317388c649ad8793028c3477ef044a8b51"

camelcase@^1.0.2:
  version "1.2.1"
  resolved "https://registry.yarnpkg.com/camelcase/-/camelcase-1.2.1.tgz#9bb5304d2e0b56698b2c758b08a3eaa9daa58a39"

center-align@^0.1.1:
  version "0.1.3"
  resolved "https://registry.yarnpkg.com/center-align/-/center-align-0.1.3.tgz#aa0d32629b6ee972200411cbd4461c907bc2b7ad"
  dependencies:
    align-text "^0.1.3"
    lazy-cache "^1.0.3"

cliui@^2.1.0:
  version "2.1.0"
  resolved "https://registry.yarnpkg.com/cliui/-/cliui-2.1.0.tgz#4b475760ff80264c762c3a1719032e91c7fea0d1"
  dependencies:
    center-align "^0.1.1"
    right-align "^0.1.1"
    wordwrap "0.0.2"

component-emitter@^1.2.0:
  version "1.2.1"
  resolved "https://registry.yarnpkg.com/component-emitter/-/component-emitter-1.2.1.tgz#137918d6d78283f7df7a6b7c5a63e140e69425e6"

concat-stream@~1.4.5:
  version "1.4.10"
  resolved "https://registry.yarnpkg.com/concat-stream/-/concat-stream-1.4.10.tgz#acc3bbf5602cb8cc980c6ac840fa7d8603e3ef36"
  dependencies:
    inherits "~2.0.1"
    readable-stream "~1.1.9"
    typedarray "~0.0.5"

control-panel:
  version "1.2.0"
  resolved "https://registry.yarnpkg.com/control-panel/-/control-panel-1.2.0.tgz#a064f74c6da2de8c1ec2c4d8fa12a79ef9c8b89b"
  dependencies:
    brfs "^1.4.3"
    dom-css "^2.0.0"
    inherits "^2.0.1"
    insert-css "^0.2.0"
    is-numeric "0.0.5"
    is-string "^1.0.4"
    node-uuid "^1.4.7"
    param-case "^1.1.2"
    simple-color-picker "0.0.9"
    tinycolor2 "^1.3.0"

core-util-is@~1.0.0:
  version "1.0.2"
  resolved "https://registry.yarnpkg.com/core-util-is/-/core-util-is-1.0.2.tgz#b5fd54220aa2bc5ab57aab7140c940754503c1a7"

cwise, cwise@^1.0.9:
  version "1.0.9"
  resolved "https://registry.yarnpkg.com/cwise/-/cwise-1.0.9.tgz#df02ea9644a0ab245aa8277eb91f41f424642bcd"
  dependencies:
    cwise-compiler "^1.1.1"
    cwise-parser "^1.0.0"
    static-module "^1.0.0"
    uglify-js "^2.6.0"

cwise-compiler@^1.1.1:
  version "1.1.2"
  resolved "https://registry.yarnpkg.com/cwise-compiler/-/cwise-compiler-1.1.2.tgz#3bcbfd063bd1d69d25b3eebfc56df0de15d4c9d0"
  dependencies:
    uniq "^1.0.0"

cwise-parser@^1.0.0:
  version "1.0.3"
  resolved "https://registry.yarnpkg.com/cwise-parser/-/cwise-parser-1.0.3.tgz#8e493c17d54f97cb030a9e9854bc86c9dfb354fe"
  dependencies:
    esprima "^1.0.3"
    uniq "^1.0.0"

decamelize@^1.0.0:
  version "1.2.0"
  resolved "https://registry.yarnpkg.com/decamelize/-/decamelize-1.2.0.tgz#f6534d15148269b20352e7bee26f501f9a191290"

dom-css@^2.0.0:
  version "2.1.0"
  resolved "https://registry.yarnpkg.com/dom-css/-/dom-css-2.1.0.tgz#fdbc2d5a015d0a3e1872e11472bbd0e7b9e6a202"
  dependencies:
    add-px-to-style "1.0.0"
    prefix-style "2.0.1"
    to-camel-case "1.0.0"

dom-transform@^1.0.1:
  version "1.0.1"
  resolved "https://registry.yarnpkg.com/dom-transform/-/dom-transform-1.0.1.tgz#5062848f71b3fbed8d41b1ca26d100713a443b23"
  dependencies:
    prefix "^0.2.1"
    trim "0.0.1"

duplexer2@~0.0.2:
  version "0.0.2"
  resolved "https://registry.yarnpkg.com/duplexer2/-/duplexer2-0.0.2.tgz#c614dcf67e2fb14995a91711e5a617e8a60a31db"
  dependencies:
    readable-stream "~1.1.9"

escodegen@~0.0.24:
  version "0.0.28"
  resolved "https://registry.yarnpkg.com/escodegen/-/escodegen-0.0.28.tgz#0e4ff1715f328775d6cab51ac44a406cd7abffd3"
  dependencies:
    esprima "~1.0.2"
    estraverse "~1.3.0"
  optionalDependencies:
    source-map ">= 0.1.2"

escodegen@~1.3.2:
  version "1.3.3"
  resolved "https://registry.yarnpkg.com/escodegen/-/escodegen-1.3.3.tgz#f024016f5a88e046fd12005055e939802e6c5f23"
  dependencies:
    esprima "~1.1.1"
    estraverse "~1.5.0"
    esutils "~1.0.0"
  optionalDependencies:
    source-map "~0.1.33"

esprima@^1.0.3:
  version "1.2.5"
  resolved "https://registry.yarnpkg.com/esprima/-/esprima-1.2.5.tgz#0993502feaf668138325756f30f9a51feeec11e9"

esprima@~1.0.2:
  version "1.0.4"
  resolved "https://registry.yarnpkg.com/esprima/-/esprima-1.0.4.tgz#9f557e08fc3b4d26ece9dd34f8fbf476b62585ad"

esprima@~1.1.1:
  version "1.1.1"
  resolved "https://registry.yarnpkg.com/esprima/-/esprima-1.1.1.tgz#5b6f1547f4d102e670e140c509be6771d6aeb549"

estraverse@~1.3.0:
  version "1.3.2"
  resolved "https://registry.yarnpkg.com/estraverse/-/estraverse-1.3.2.tgz#37c2b893ef13d723f276d878d60d8535152a6c42"

estraverse@~1.5.0:
  version "1.5.1"
  resolved "https://registry.yarnpkg.com/estraverse/-/estraverse-1.5.1.tgz#867a3e8e58a9f84618afb6c2ddbcd916b7cbaf71"

esutils@~1.0.0:
  version "1.0.0"
  resolved "https://registry.yarnpkg.com/esutils/-/esutils-1.0.0.tgz#8151d358e20c8acc7fb745e7472c0025fe496570"

falafel@^1.0.0:
  version "1.2.0"
  resolved "https://registry.yarnpkg.com/falafel/-/falafel-1.2.0.tgz#c18d24ef5091174a497f318cd24b026a25cddab4"
  dependencies:
    acorn "^1.0.3"
    foreach "^2.0.5"
    isarray "0.0.1"
    object-keys "^1.0.6"

foreach@^2.0.5:
  version "2.0.5"
  resolved "https://registry.yarnpkg.com/foreach/-/foreach-2.0.5.tgz#0bee005018aeb260d0a3af3ae658dd0136ec1b99"

function-bind@^1.0.2:
  version "1.1.0"
  resolved "https://registry.yarnpkg.com/function-bind/-/function-bind-1.1.0.tgz#16176714c801798e4e8f2cf7f7529467bb4a5771"

h:
  version "0.1.0"
  resolved "https://registry.yarnpkg.com/h/-/h-0.1.0.tgz#24211fe1d9cef2b36cae8ff8255606ea12ecdfb5"

has@^1.0.0:
  version "1.0.1"
  resolved "https://registry.yarnpkg.com/has/-/has-1.0.1.tgz#8461733f538b0837c9361e39a9ab9e9704dc2f28"
  dependencies:
    function-bind "^1.0.2"

inherits@^2.0.1, inherits@~2.0.1:
  version "2.0.3"
  resolved "https://registry.yarnpkg.com/inherits/-/inherits-2.0.3.tgz#633c2c83e3da42a502f52466022480f4208261de"

insert-css:
  version "2.0.0"
  resolved "https://registry.yarnpkg.com/insert-css/-/insert-css-2.0.0.tgz#eb5d1097b7542f4c79ea3060d3aee07d053880f4"

insert-css@^0.2.0:
  version "0.2.0"
  resolved "https://registry.yarnpkg.com/insert-css/-/insert-css-0.2.0.tgz#d15789971662d9899c28977fb6220d5381d2451a"

iota-array@^1.0.0:
  version "1.0.0"
  resolved "https://registry.yarnpkg.com/iota-array/-/iota-array-1.0.0.tgz#81ef57fe5d05814cd58c2483632a99c30a0e8087"

is-buffer@^1.0.2:
  version "1.1.4"
  resolved "https://registry.yarnpkg.com/is-buffer/-/is-buffer-1.1.4.tgz#cfc86ccd5dc5a52fa80489111c6920c457e2d98b"

is-number@^1.1.2:
  version "1.1.2"
  resolved "https://registry.yarnpkg.com/is-number/-/is-number-1.1.2.tgz#9d82409f3a8a8beecf249b1bc7dada49829966e4"

is-numeric@0.0.5:
  version "0.0.5"
  resolved "https://registry.yarnpkg.com/is-numeric/-/is-numeric-0.0.5.tgz#5f26778b3385005334344b1b5985ee7ea63316e6"

is-string@^1.0.4:
  version "1.0.4"
  resolved "https://registry.yarnpkg.com/is-string/-/is-string-1.0.4.tgz#cc3a9b69857d621e963725a24caeec873b826e64"

isarray@~1.0.0:
  version "1.0.0"
  resolved "https://registry.yarnpkg.com/isarray/-/isarray-1.0.0.tgz#bb935d48582cba168c06834957a54a3e07124f11"

isarray@0.0.1:
  version "0.0.1"
  resolved "https://registry.yarnpkg.com/isarray/-/isarray-0.0.1.tgz#8a18acfca9a8f4177e09abfc6038939b05d1eedf"

kind-of@^3.0.2:
  version "3.1.0"
  resolved "https://registry.yarnpkg.com/kind-of/-/kind-of-3.1.0.tgz#475d698a5e49ff5e53d14e3e732429dc8bf4cf47"
  dependencies:
    is-buffer "^1.0.2"

lazy-cache@^1.0.3:
  version "1.0.4"
  resolved "https://registry.yarnpkg.com/lazy-cache/-/lazy-cache-1.0.4.tgz#a1d78fc3a50474cb80845d3b3b6e1da49a446e8e"

lodash._baseflatten@^3.0.0:
  version "3.1.4"
  resolved "https://registry.yarnpkg.com/lodash._baseflatten/-/lodash._baseflatten-3.1.4.tgz#0770ff80131af6e34f3b511796a7ba5214e65ff7"
  dependencies:
    lodash.isarguments "^3.0.0"
    lodash.isarray "^3.0.0"

lodash._basefunctions@^3.0.0:
  version "3.0.0"
  resolved "https://registry.yarnpkg.com/lodash._basefunctions/-/lodash._basefunctions-3.0.0.tgz#1bdffbadb4d2195c722968a02d56f4913413fcdb"
  dependencies:
    lodash.isfunction "^3.0.0"

lodash._createwrapper@^3.0.0:
  version "3.2.0"
  resolved "https://registry.yarnpkg.com/lodash._createwrapper/-/lodash._createwrapper-3.2.0.tgz#df453e664163217b895a454065af1c47a0ea3c4d"
  dependencies:
    lodash._root "^3.0.0"

lodash._root@^3.0.0:
  version "3.0.1"
  resolved "https://registry.yarnpkg.com/lodash._root/-/lodash._root-3.0.1.tgz#fba1c4524c19ee9a5f8136b4609f017cf4ded692"

lodash.bindall@^3.1.0:
  version "3.1.0"
  resolved "https://registry.yarnpkg.com/lodash.bindall/-/lodash.bindall-3.1.0.tgz#72c7bd1aec8b56a9bc7d6b3484fdd4f2c7dc5469"
  dependencies:
    lodash._baseflatten "^3.0.0"
    lodash._createwrapper "^3.0.0"
    lodash.functions "^3.0.0"
    lodash.restparam "^3.0.0"

lodash.functions@^3.0.0:
  version "3.0.0"
  resolved "https://registry.yarnpkg.com/lodash.functions/-/lodash.functions-3.0.0.tgz#4b037381a9f9276598869340086675d48cf3baf5"
  dependencies:
    lodash._basefunctions "^3.0.0"
    lodash.keysin "^3.0.0"

lodash.isarguments@^3.0.0:
  version "3.1.0"
  resolved "https://registry.yarnpkg.com/lodash.isarguments/-/lodash.isarguments-3.1.0.tgz#2f573d85c6a24289ff00663b491c1d338ff3458a"

lodash.isarray@^3.0.0:
  version "3.0.4"
  resolved "https://registry.yarnpkg.com/lodash.isarray/-/lodash.isarray-3.0.4.tgz#79e4eb88c36a8122af86f844aa9bcd851b5fbb55"

lodash.isfunction@^3.0.0:
  version "3.0.8"
  resolved "https://registry.yarnpkg.com/lodash.isfunction/-/lodash.isfunction-3.0.8.tgz#4db709fc81bc4a8fd7127a458a5346c5cdce2c6b"

lodash.keysin@^3.0.0:
  version "3.0.8"
  resolved "https://registry.yarnpkg.com/lodash.keysin/-/lodash.keysin-3.0.8.tgz#22c4493ebbedb1427962a54b445b2c8a767fb47f"
  dependencies:
    lodash.isarguments "^3.0.0"
    lodash.isarray "^3.0.0"

lodash.restparam@^3.0.0:
  version "3.6.1"
  resolved "https://registry.yarnpkg.com/lodash.restparam/-/lodash.restparam-3.6.1.tgz#936a4e309ef330a7645ed4145986c85ae5b20805"

longest@^1.0.1:
  version "1.0.1"
  resolved "https://registry.yarnpkg.com/longest/-/longest-1.0.1.tgz#30a0b2da38f73770e8294a0d22e6625ed77d0097"

lower-case@^1.1.1:
  version "1.1.3"
  resolved "https://registry.yarnpkg.com/lower-case/-/lower-case-1.1.3.tgz#c92393d976793eee5ba4edb583cf8eae35bd9bfb"

minimist@^1.1.3:
  version "1.2.0"
  resolved "https://registry.yarnpkg.com/minimist/-/minimist-1.2.0.tgz#a35008b20f41383eec1fb914f4cd5df79a264284"

minimist@0.0.8:
  version "0.0.8"
  resolved "https://registry.yarnpkg.com/minimist/-/minimist-0.0.8.tgz#857fcabfc3397d2625b8228262e86aa7a011b05d"

ndarray:
  version "1.0.18"
  resolved "https://registry.yarnpkg.com/ndarray/-/ndarray-1.0.18.tgz#b60d3a73224ec555d0faa79711e502448fd3f793"
  dependencies:
    iota-array "^1.0.0"
    is-buffer "^1.0.2"

ndarray-vector-fill:
  version "1.0.0"
  resolved "https://registry.yarnpkg.com/ndarray-vector-fill/-/ndarray-vector-fill-1.0.0.tgz#6543cb88aac2b6ead15559fbf36dac2fbf7b253f"
  dependencies:
    cwise "^1.0.9"

node-uuid@^1.4.7:
  version "1.4.7"
  resolved "https://registry.yarnpkg.com/node-uuid/-/node-uuid-1.4.7.tgz#6da5a17668c4b3dd59623bda11cf7fa4c1f60a6f"

object-assign@^4.0.1:
  version "4.1.0"
  resolved "https://registry.yarnpkg.com/object-assign/-/object-assign-4.1.0.tgz#7a3b3d0e98063d43f4c03f2e8ae6cd51a86883a0"

object-inspect@~0.4.0:
  version "0.4.0"
  resolved "https://registry.yarnpkg.com/object-inspect/-/object-inspect-0.4.0.tgz#f5157c116c1455b243b06ee97703392c5ad89fec"

object-keys@^1.0.6:
  version "1.0.11"
  resolved "https://registry.yarnpkg.com/object-keys/-/object-keys-1.0.11.tgz#c54601778ad560f1142ce0e01bcca8b56d13426d"

object-keys@~0.4.0:
  version "0.4.0"
  resolved "https://registry.yarnpkg.com/object-keys/-/object-keys-0.4.0.tgz#28a6aae7428dd2c3a92f3d95f21335dd204e0336"

param-case@^1.1.2:
  version "1.1.2"
  resolved "https://registry.yarnpkg.com/param-case/-/param-case-1.1.2.tgz#dcb091a43c259b9228f1c341e7b6a44ea0bf9743"
  dependencies:
    sentence-case "^1.1.2"

prefix-style@2.0.1:
  version "2.0.1"
  resolved "https://registry.yarnpkg.com/prefix-style/-/prefix-style-2.0.1.tgz#66bba9a870cfda308a5dc20e85e9120932c95a06"

prefix@^0.2.1:
  version "0.2.6"
  resolved "https://registry.yarnpkg.com/prefix/-/prefix-0.2.6.tgz#73971b0ddd18e129a6d601dda87a3f96d2e10674"

process-nextick-args@~1.0.6:
  version "1.0.7"
  resolved "https://registry.yarnpkg.com/process-nextick-args/-/process-nextick-args-1.0.7.tgz#150e20b756590ad3f91093f25a4f2ad8bff30ba3"

quote-stream@^1.0.1:
  version "1.0.2"
  resolved "https://registry.yarnpkg.com/quote-stream/-/quote-stream-1.0.2.tgz#84963f8c9c26b942e153feeb53aae74652b7e0b2"
  dependencies:
    buffer-equal "0.0.1"
    minimist "^1.1.3"
    through2 "^2.0.0"

quote-stream@~0.0.0:
  version "0.0.0"
  resolved "https://registry.yarnpkg.com/quote-stream/-/quote-stream-0.0.0.tgz#cde29e94c409b16e19dc7098b89b6658f9721d3b"
  dependencies:
    minimist "0.0.8"
    through2 "~0.4.1"

random-normal:
  version "1.0.0"
  resolved "https://registry.yarnpkg.com/random-normal/-/random-normal-1.0.0.tgz#daa0b5fa4caeb15968178338f2ac52e63a6e4689"
  dependencies:
    object-assign "^4.0.1"

readable-stream@^2.1.5:
  version "2.2.2"
  resolved "https://registry.yarnpkg.com/readable-stream/-/readable-stream-2.2.2.tgz#a9e6fec3c7dda85f8bb1b3ba7028604556fc825e"
  dependencies:
    buffer-shims "^1.0.0"
    core-util-is "~1.0.0"
    inherits "~2.0.1"
    isarray "~1.0.0"
    process-nextick-args "~1.0.6"
    string_decoder "~0.10.x"
    util-deprecate "~1.0.1"

readable-stream@~1.0.17, readable-stream@~1.0.27-1:
  version "1.0.34"
  resolved "https://registry.yarnpkg.com/readable-stream/-/readable-stream-1.0.34.tgz#125820e34bc842d2f2aaafafe4c2916ee32c157c"
  dependencies:
    core-util-is "~1.0.0"
    inherits "~2.0.1"
    isarray "0.0.1"
    string_decoder "~0.10.x"

readable-stream@~1.1.9:
  version "1.1.14"
  resolved "https://registry.yarnpkg.com/readable-stream/-/readable-stream-1.1.14.tgz#7cf4c54ef648e3813084c636dd2079e166c081d9"
  dependencies:
    core-util-is "~1.0.0"
    inherits "~2.0.1"
    isarray "0.0.1"
    string_decoder "~0.10.x"

repeat-string@^1.5.2:
  version "1.6.1"
  resolved "https://registry.yarnpkg.com/repeat-string/-/repeat-string-1.6.1.tgz#8dcae470e1c88abc2d600fff4a776286da75e637"

resolve@^1.1.5:
  version "1.2.0"
  resolved "https://registry.yarnpkg.com/resolve/-/resolve-1.2.0.tgz#9589c3f2f6149d1417a40becc1663db6ec6bc26c"

right-align@^0.1.1:
  version "0.1.3"
  resolved "https://registry.yarnpkg.com/right-align/-/right-align-0.1.3.tgz#61339b722fe6a3515689210d24e14c96148613ef"
  dependencies:
    align-text "^0.1.1"

sentence-case@^1.1.2:
  version "1.1.3"
  resolved "https://registry.yarnpkg.com/sentence-case/-/sentence-case-1.1.3.tgz#8034aafc2145772d3abe1509aa42c9e1042dc139"
  dependencies:
    lower-case "^1.1.1"

shallow-copy@~0.0.1:
  version "0.0.1"
  resolved "https://registry.yarnpkg.com/shallow-copy/-/shallow-copy-0.0.1.tgz#415f42702d73d810330292cc5ee86eae1a11a170"

simple-color-picker@0.0.9:
  version "0.0.9"
  resolved "https://registry.yarnpkg.com/simple-color-picker/-/simple-color-picker-0.0.9.tgz#096062ff5d67b48968de511cfc785b21d6f8392a"
  dependencies:
    component-emitter "^1.2.0"
    dom-transform "^1.0.1"
    is-number "^1.1.2"
    lodash.bindall "^3.1.0"
    tinycolor2 "^1.1.2"

"source-map@>= 0.1.2", source-map@~0.5.1:
  version "0.5.6"
  resolved "https://registry.yarnpkg.com/source-map/-/source-map-0.5.6.tgz#75ce38f52bf0733c5a7f0c118d81334a2bb5f412"

source-map@~0.1.33:
  version "0.1.43"
  resolved "https://registry.yarnpkg.com/source-map/-/source-map-0.1.43.tgz#c24bc146ca517c1471f5dacbe2571b2b7f9e3346"
  dependencies:
    amdefine ">=0.0.4"

static-eval@~0.2.0:
  version "0.2.4"
  resolved "https://registry.yarnpkg.com/static-eval/-/static-eval-0.2.4.tgz#b7d34d838937b969f9641ca07d48f8ede263ea7b"
  dependencies:
    escodegen "~0.0.24"

static-module@^1.0.0, static-module@^1.1.0:
  version "1.3.1"
  resolved "https://registry.yarnpkg.com/static-module/-/static-module-1.3.1.tgz#79071d340e4419e4ab5ce87976a9eb67250c8493"
  dependencies:
    concat-stream "~1.4.5"
    duplexer2 "~0.0.2"
    escodegen "~1.3.2"
    falafel "^1.0.0"
    has "^1.0.0"
    object-inspect "~0.4.0"
    quote-stream "~0.0.0"
    readable-stream "~1.0.27-1"
    shallow-copy "~0.0.1"
    static-eval "~0.2.0"
    through2 "~0.4.1"

string_decoder@~0.10.x:
  version "0.10.31"
  resolved "https://registry.yarnpkg.com/string_decoder/-/string_decoder-0.10.31.tgz#62e203bc41766c6c28c9fc84301dab1c5310fa94"

through2@^2.0.0:
  version "2.0.3"
  resolved "https://registry.yarnpkg.com/through2/-/through2-2.0.3.tgz#0004569b37c7c74ba39c43f3ced78d1ad94140be"
  dependencies:
    readable-stream "^2.1.5"
    xtend "~4.0.1"

through2@~0.4.1:
  version "0.4.2"
  resolved "https://registry.yarnpkg.com/through2/-/through2-0.4.2.tgz#dbf5866031151ec8352bb6c4db64a2292a840b9b"
  dependencies:
    readable-stream "~1.0.17"
    xtend "~2.1.1"

tinycolor2@^1.1.2, tinycolor2@^1.3.0:
  version "1.4.1"
  resolved "https://registry.yarnpkg.com/tinycolor2/-/tinycolor2-1.4.1.tgz#f4fad333447bc0b07d4dc8e9209d8f39a8ac77e8"

to-camel-case@1.0.0:
  version "1.0.0"
  resolved "https://registry.yarnpkg.com/to-camel-case/-/to-camel-case-1.0.0.tgz#1a56054b2f9d696298ce66a60897322b6f423e46"
  dependencies:
    to-space-case "^1.0.0"

to-no-case@^1.0.0:
  version "1.0.2"
  resolved "https://registry.yarnpkg.com/to-no-case/-/to-no-case-1.0.2.tgz#c722907164ef6b178132c8e69930212d1b4aa16a"

to-space-case@^1.0.0:
  version "1.0.0"
  resolved "https://registry.yarnpkg.com/to-space-case/-/to-space-case-1.0.0.tgz#b052daafb1b2b29dc770cea0163e5ec0ebc9fc17"
  dependencies:
    to-no-case "^1.0.0"

trim@0.0.1:
  version "0.0.1"
  resolved "https://registry.yarnpkg.com/trim/-/trim-0.0.1.tgz#5858547f6b290757ee95cccc666fb50084c460dd"

typedarray@~0.0.5:
  version "0.0.6"
  resolved "https://registry.yarnpkg.com/typedarray/-/typedarray-0.0.6.tgz#867ac74e3864187b1d3d47d996a78ec5c8830777"

uglify-js@^2.6.0:
  version "2.7.5"
  resolved "https://registry.yarnpkg.com/uglify-js/-/uglify-js-2.7.5.tgz#4612c0c7baaee2ba7c487de4904ae122079f2ca8"
  dependencies:
    async "~0.2.6"
    source-map "~0.5.1"
    uglify-to-browserify "~1.0.0"
    yargs "~3.10.0"

uglify-to-browserify@~1.0.0:
  version "1.0.2"
  resolved "https://registry.yarnpkg.com/uglify-to-browserify/-/uglify-to-browserify-1.0.2.tgz#6e0924d6bda6b5afe349e39a6d632850a0f882b7"

uniq@^1.0.0:
  version "1.0.1"
  resolved "https://registry.yarnpkg.com/uniq/-/uniq-1.0.1.tgz#b31c5ae8254844a3a8281541ce2b04b865a734ff"

util-deprecate@~1.0.1:
  version "1.0.2"
  resolved "https://registry.yarnpkg.com/util-deprecate/-/util-deprecate-1.0.2.tgz#450d4dc9fa70de732762fbd2d4a28981419a0ccf"

window-size@0.1.0:
  version "0.1.0"
  resolved "https://registry.yarnpkg.com/window-size/-/window-size-0.1.0.tgz#5438cd2ea93b202efa3a19fe8887aee7c94f9c9d"

wordwrap@0.0.2:
  version "0.0.2"
  resolved "https://registry.yarnpkg.com/wordwrap/-/wordwrap-0.0.2.tgz#b79669bb42ecb409f83d583cad52ca17eaa1643f"

xtend, xtend@~4.0.1:
  version "4.0.1"
  resolved "https://registry.yarnpkg.com/xtend/-/xtend-4.0.1.tgz#a5c6d532be656e23db820efb943a1f04998d63af"

xtend@~2.1.1:
  version "2.1.2"
  resolved "https://registry.yarnpkg.com/xtend/-/xtend-2.1.2.tgz#6efecc2a4dad8e6962c4901b337ce7ba87b5d28b"
  dependencies:
    object-keys "~0.4.0"

yargs@~3.10.0:
  version "3.10.0"
  resolved "https://registry.yarnpkg.com/yargs/-/yargs-3.10.0.tgz#f7ee7bd857dd7c1d2d38c0e74efbd681d1431fd1"
  dependencies:
    camelcase "^1.0.2"
    cliui "^2.1.0"
    decamelize "^1.0.0"
    window-size "0.1.0"

